
Microsoft Visual Studio Solution File, Format Version 12.00
# Visual Studio Version 16
VisualStudioVersion = 16.0.30011.22
MinimumVisualStudioVersion = 10.0.40219.1
Project("{FAE04EC0-301F-11D3-BF4B-00C04F79EFBC}") = "Automation", "Automation.csproj", "{31207681-19B3-4D7A-B9A2-20B3D4671BEF}"
EndProject
Global
	GlobalSection(SolutionConfigurationPlatforms) = preSolution
		Debug|Any CPU = Debug|Any CPU
		Release|Any CPU = Release|Any CPU
	EndGlobalSection
	GlobalSection(ProjectConfigurationPlatforms) = postSolution
		{31207681-19B3-4D7A-B9A2-20B3D4671BEF}.Debug|Any CPU.ActiveCfg = Debug|Any CPU
		{31207681-19B3-4D7A-B9A2-20B3D4671BEF}.Debug|Any CPU.Build.0 = Debug|Any CPU
		{31207681-19B3-4D7A-B9A2-20B3D4671BEF}.Release|Any CPU.ActiveCfg = Release|Any CPU
		{31207681-19B3-4D7A-B9A2-20B3D4671BEF}.Release|Any CPU.Build.0 = Release|Any CPU
	EndGlobalSection
	GlobalSection(SolutionProperties) = preSolution
		HideSolutionNode = FALSE
	EndGlobalSection
	GlobalSection(ExtensibilityGlobals) = postSolution
		SolutionGuid = {D43B6AA6-C19E-4FF7-A8B1-E9B21ABE8B6F}
	EndGlobalSection
EndGlobal
