
Microsoft Visual Studio Solution File, Format Version 12.00
# Visual Studio Version 16
VisualStudioVersion = 16.0.30011.22
MinimumVisualStudioVersion = 10.0.40219.1
Project("{FAE04EC0-301F-11D3-BF4B-00C04F79EFBC}") = "Automation", "Automation.csproj", "{80A05B4E-11A3-4B53-95AD-87C5A224B75D}"
EndProject
Global
	GlobalSection(SolutionConfigurationPlatforms) = preSolution
		Debug|Any CPU = Debug|Any CPU
		Release|Any CPU = Release|Any CPU
	EndGlobalSection
	GlobalSection(ProjectConfigurationPlatforms) = postSolution
		{80A05B4E-11A3-4B53-95AD-87C5A224B75D}.Debug|Any CPU.ActiveCfg = Debug|Any CPU
		{80A05B4E-11A3-4B53-95AD-87C5A224B75D}.Debug|Any CPU.Build.0 = Debug|Any CPU
		{80A05B4E-11A3-4B53-95AD-87C5A224B75D}.Release|Any CPU.ActiveCfg = Release|Any CPU
		{80A05B4E-11A3-4B53-95AD-87C5A224B75D}.Release|Any CPU.Build.0 = Release|Any CPU
	EndGlobalSection
	GlobalSection(SolutionProperties) = preSolution
		HideSolutionNode = FALSE
	EndGlobalSection
	GlobalSection(ExtensibilityGlobals) = postSolution
		SolutionGuid = {A01E1FFA-AA50-4027-A6A7-9239579E3128}
	EndGlobalSection
EndGlobal
