
Microsoft Visual Studio Solution File, Format Version 12.00
# Visual Studio 14
VisualStudioVersion = 14.0.22823.1
MinimumVisualStudioVersion = 10.0.40219.1
Project("{FAE04EC0-301F-11D3-BF4B-00C04F79EFBC}") = "Naming Conventions", "Naming Conventions\Naming Conventions.csproj", "{9628FCA0-72FC-41E4-A6C9-469A66AA8AD4}"
EndProject
Global
	GlobalSection(SolutionConfigurationPlatforms) = preSolution
		Debug|Any CPU = Debug|Any CPU
		Release|Any CPU = Release|Any CPU
	EndGlobalSection
	GlobalSection(ProjectConfigurationPlatforms) = postSolution
		{9628FCA0-72FC-41E4-A6C9-469A66AA8AD4}.Debug|Any CPU.ActiveCfg = Debug|Any CPU
		{9628FCA0-72FC-41E4-A6C9-469A66AA8AD4}.Debug|Any CPU.Build.0 = Debug|Any CPU
		{9628FCA0-72FC-41E4-A6C9-469A66AA8AD4}.Release|Any CPU.ActiveCfg = Release|Any CPU
		{9628FCA0-72FC-41E4-A6C9-469A66AA8AD4}.Release|Any CPU.Build.0 = Release|Any CPU
	EndGlobalSection
	GlobalSection(SolutionProperties) = preSolution
		HideSolutionNode = FALSE
	EndGlobalSection
EndGlobal
